
Microsoft Visual Studio Solution File, Format Version 12.00
# Visual Studio Version 16
VisualStudioVersion = 16.0.30309.148
MinimumVisualStudioVersion = 10.0.40219.1
Project("{FAE04EC0-301F-11D3-BF4B-00C04F79EFBC}") = "Datos", "Datos\Datos.csproj", "{C4D84BD8-EC59-4BFA-97E1-EDE948EBF6DB}"
EndProject
Project("{FAE04EC0-301F-11D3-BF4B-00C04F79EFBC}") = "Entidades", "Entidades\Entidades.csproj", "{EC109CAF-9AA1-490D-8C0A-DFEC560DC717}"
EndProject
Project("{FAE04EC0-301F-11D3-BF4B-00C04F79EFBC}") = "ApiRest", "ApiRest\ApiRest.csproj", "{D5CD8E3B-6B82-48BE-AC80-24C584B6AC10}"
EndProject
Global
	GlobalSection(SolutionConfigurationPlatforms) = preSolution
		Debug|Any CPU = Debug|Any CPU
		Release|Any CPU = Release|Any CPU
	EndGlobalSection
	GlobalSection(ProjectConfigurationPlatforms) = postSolution
		{C4D84BD8-EC59-4BFA-97E1-EDE948EBF6DB}.Debug|Any CPU.ActiveCfg = Debug|Any CPU
		{C4D84BD8-EC59-4BFA-97E1-EDE948EBF6DB}.Debug|Any CPU.Build.0 = Debug|Any CPU
		{C4D84BD8-EC59-4BFA-97E1-EDE948EBF6DB}.Release|Any CPU.ActiveCfg = Release|Any CPU
		{C4D84BD8-EC59-4BFA-97E1-EDE948EBF6DB}.Release|Any CPU.Build.0 = Release|Any CPU
		{EC109CAF-9AA1-490D-8C0A-DFEC560DC717}.Debug|Any CPU.ActiveCfg = Debug|Any CPU
		{EC109CAF-9AA1-490D-8C0A-DFEC560DC717}.Debug|Any CPU.Build.0 = Debug|Any CPU
		{EC109CAF-9AA1-490D-8C0A-DFEC560DC717}.Release|Any CPU.ActiveCfg = Release|Any CPU
		{EC109CAF-9AA1-490D-8C0A-DFEC560DC717}.Release|Any CPU.Build.0 = Release|Any CPU
		{D5CD8E3B-6B82-48BE-AC80-24C584B6AC10}.Debug|Any CPU.ActiveCfg = Debug|Any CPU
		{D5CD8E3B-6B82-48BE-AC80-24C584B6AC10}.Debug|Any CPU.Build.0 = Debug|Any CPU
		{D5CD8E3B-6B82-48BE-AC80-24C584B6AC10}.Release|Any CPU.ActiveCfg = Release|Any CPU
		{D5CD8E3B-6B82-48BE-AC80-24C584B6AC10}.Release|Any CPU.Build.0 = Release|Any CPU
	EndGlobalSection
	GlobalSection(SolutionProperties) = preSolution
		HideSolutionNode = FALSE
	EndGlobalSection
	GlobalSection(ExtensibilityGlobals) = postSolution
		SolutionGuid = {AF63E9EB-99EF-44EA-8DB5-5AC4554B8525}
	EndGlobalSection
EndGlobal
